
Microsoft Visual Studio Solution File, Format Version 12.00
# Visual Studio Version 17
VisualStudioVersion = 17.6.33723.286
MinimumVisualStudioVersion = 10.0.40219.1
Project("{2150E333-8FDC-42A3-9474-1A3956D46DE8}") = "2015", "2015", "{D7397A86-9EC7-4C55-B4BF-296FD1CE6666}"
EndProject
Project("{FAE04EC0-301F-11D3-BF4B-00C04F79EFBC}") = "2015_01", "2015_01\2015_01.csproj", "{BBE2130B-570C-4355-B64B-344901F75869}"
EndProject
Project("{FAE04EC0-301F-11D3-BF4B-00C04F79EFBC}") = "2015_02", "2015_02\2015_02.csproj", "{0078C17E-D3F5-4BE3-8B7B-C0CB0EDB3F75}"
EndProject
Project("{FAE04EC0-301F-11D3-BF4B-00C04F79EFBC}") = "2015_03", "2015_03\2015_03.csproj", "{90BAB70D-3469-42BF-95E4-DB33282371E3}"
EndProject
Project("{2150E333-8FDC-42A3-9474-1A3956D46DE8}") = "2023", "2023", "{9EDBD30B-BAE9-43F7-97A1-26F09DEA0CEF}"
EndProject
Project("{FAE04EC0-301F-11D3-BF4B-00C04F79EFBC}") = "2023_01", "2023_01\2023_01.csproj", "{E933B2D1-B64A-461E-9099-438DE0D5F38F}"
EndProject
Project("{FAE04EC0-301F-11D3-BF4B-00C04F79EFBC}") = "2023_02", "2023_02\2023_02.csproj", "{5907C578-EB02-4E79-8BA2-98232FE67378}"
EndProject
Global
	GlobalSection(SolutionConfigurationPlatforms) = preSolution
		Debug|Any CPU = Debug|Any CPU
		Release|Any CPU = Release|Any CPU
	EndGlobalSection
	GlobalSection(ProjectConfigurationPlatforms) = postSolution
		{BBE2130B-570C-4355-B64B-344901F75869}.Debug|Any CPU.ActiveCfg = Debug|Any CPU
		{BBE2130B-570C-4355-B64B-344901F75869}.Debug|Any CPU.Build.0 = Debug|Any CPU
		{BBE2130B-570C-4355-B64B-344901F75869}.Release|Any CPU.ActiveCfg = Release|Any CPU
		{BBE2130B-570C-4355-B64B-344901F75869}.Release|Any CPU.Build.0 = Release|Any CPU
		{0078C17E-D3F5-4BE3-8B7B-C0CB0EDB3F75}.Debug|Any CPU.ActiveCfg = Debug|Any CPU
		{0078C17E-D3F5-4BE3-8B7B-C0CB0EDB3F75}.Debug|Any CPU.Build.0 = Debug|Any CPU
		{0078C17E-D3F5-4BE3-8B7B-C0CB0EDB3F75}.Release|Any CPU.ActiveCfg = Release|Any CPU
		{0078C17E-D3F5-4BE3-8B7B-C0CB0EDB3F75}.Release|Any CPU.Build.0 = Release|Any CPU
		{90BAB70D-3469-42BF-95E4-DB33282371E3}.Debug|Any CPU.ActiveCfg = Debug|Any CPU
		{90BAB70D-3469-42BF-95E4-DB33282371E3}.Debug|Any CPU.Build.0 = Debug|Any CPU
		{90BAB70D-3469-42BF-95E4-DB33282371E3}.Release|Any CPU.ActiveCfg = Release|Any CPU
		{90BAB70D-3469-42BF-95E4-DB33282371E3}.Release|Any CPU.Build.0 = Release|Any CPU
		{E933B2D1-B64A-461E-9099-438DE0D5F38F}.Debug|Any CPU.ActiveCfg = Debug|Any CPU
		{E933B2D1-B64A-461E-9099-438DE0D5F38F}.Debug|Any CPU.Build.0 = Debug|Any CPU
		{E933B2D1-B64A-461E-9099-438DE0D5F38F}.Release|Any CPU.ActiveCfg = Release|Any CPU
		{E933B2D1-B64A-461E-9099-438DE0D5F38F}.Release|Any CPU.Build.0 = Release|Any CPU
		{5907C578-EB02-4E79-8BA2-98232FE67378}.Debug|Any CPU.ActiveCfg = Debug|Any CPU
		{5907C578-EB02-4E79-8BA2-98232FE67378}.Debug|Any CPU.Build.0 = Debug|Any CPU
		{5907C578-EB02-4E79-8BA2-98232FE67378}.Release|Any CPU.ActiveCfg = Release|Any CPU
		{5907C578-EB02-4E79-8BA2-98232FE67378}.Release|Any CPU.Build.0 = Release|Any CPU
	EndGlobalSection
	GlobalSection(SolutionProperties) = preSolution
		HideSolutionNode = FALSE
	EndGlobalSection
	GlobalSection(NestedProjects) = preSolution
		{BBE2130B-570C-4355-B64B-344901F75869} = {D7397A86-9EC7-4C55-B4BF-296FD1CE6666}
		{0078C17E-D3F5-4BE3-8B7B-C0CB0EDB3F75} = {D7397A86-9EC7-4C55-B4BF-296FD1CE6666}
		{90BAB70D-3469-42BF-95E4-DB33282371E3} = {D7397A86-9EC7-4C55-B4BF-296FD1CE6666}
		{E933B2D1-B64A-461E-9099-438DE0D5F38F} = {9EDBD30B-BAE9-43F7-97A1-26F09DEA0CEF}
		{5907C578-EB02-4E79-8BA2-98232FE67378} = {9EDBD30B-BAE9-43F7-97A1-26F09DEA0CEF}
	EndGlobalSection
	GlobalSection(ExtensibilityGlobals) = postSolution
		SolutionGuid = {985D69C0-20D0-4A53-85B5-DABB7553ADD3}
	EndGlobalSection
EndGlobal
